
Microsoft Visual Studio Solution File, Format Version 12.00
# Visual Studio Version 16
VisualStudioVersion = 16.0.30907.101
MinimumVisualStudioVersion = 10.0.40219.1
Project("{FAE04EC0-301F-11D3-BF4B-00C04F79EFBC}") = "EntityProductProject", "EntityProductProject\EntityProductProject.csproj", "{A56B4472-9BB0-4F4D-85C2-70434FB123B9}"
EndProject
Global
	GlobalSection(SolutionConfigurationPlatforms) = preSolution
		Debug|Any CPU = Debug|Any CPU
		Release|Any CPU = Release|Any CPU
	EndGlobalSection
	GlobalSection(ProjectConfigurationPlatforms) = postSolution
		{A56B4472-9BB0-4F4D-85C2-70434FB123B9}.Debug|Any CPU.ActiveCfg = Debug|Any CPU
		{A56B4472-9BB0-4F4D-85C2-70434FB123B9}.Debug|Any CPU.Build.0 = Debug|Any CPU
		{A56B4472-9BB0-4F4D-85C2-70434FB123B9}.Release|Any CPU.ActiveCfg = Release|Any CPU
		{A56B4472-9BB0-4F4D-85C2-70434FB123B9}.Release|Any CPU.Build.0 = Release|Any CPU
	EndGlobalSection
	GlobalSection(SolutionProperties) = preSolution
		HideSolutionNode = FALSE
	EndGlobalSection
	GlobalSection(ExtensibilityGlobals) = postSolution
		SolutionGuid = {CF17675B-9E85-4A77-B5D7-B32D21A1D5BD}
	EndGlobalSection
EndGlobal
